// !$*UTF8*$!
{
	archiveVersion = 1;
	classes = {
	};
	objectVersion = 55;
	objects = {

/* Begin PBXBuildFile section */
		291F177327108C1800C07428 /* DetailViewController.swift in Sources */ = {isa = PBXBuildFile; fileRef = 291F177227108C1800C07428 /* DetailViewController.swift */; };
		291F177527108C8B00C07428 /* ViewControllerRouter.swift in Sources */ = {isa = PBXBuildFile; fileRef = 291F177427108C8B00C07428 /* ViewControllerRouter.swift */; };
		291F17772710973A00C07428 /* Localizable.strings in Resources */ = {isa = PBXBuildFile; fileRef = 291F17762710973A00C07428 /* Localizable.strings */; };
		291F177A27109A1E00C07428 /* Localize.swift in Sources */ = {isa = PBXBuildFile; fileRef = 291F177927109A1E00C07428 /* Localize.swift */; };
		298BE3DC27106C560050A0C0 /* AppDelegate.swift in Sources */ = {isa = PBXBuildFile; fileRef = 298BE3DB27106C560050A0C0 /* AppDelegate.swift */; };
		298BE3DE27106C560050A0C0 /* SceneDelegate.swift in Sources */ = {isa = PBXBuildFile; fileRef = 298BE3DD27106C560050A0C0 /* SceneDelegate.swift */; };
		298BE3E027106C560050A0C0 /* ViewController.swift in Sources */ = {isa = PBXBuildFile; fileRef = 298BE3DF27106C560050A0C0 /* ViewController.swift */; };
		298BE3E527106C580050A0C0 /* Assets.xcassets in Resources */ = {isa = PBXBuildFile; fileRef = 298BE3E427106C580050A0C0 /* Assets.xcassets */; };
		298BE3E827106C580050A0C0 /* LaunchScreen.storyboard in Resources */ = {isa = PBXBuildFile; fileRef = 298BE3E627106C580050A0C0 /* LaunchScreen.storyboard */; };
		298BE3F327106C580050A0C0 /* TemplateProjectTests.swift in Sources */ = {isa = PBXBuildFile; fileRef = 298BE3F227106C580050A0C0 /* TemplateProjectTests.swift */; };
		298BE3FD27106C580050A0C0 /* TemplateProjectUITests.swift in Sources */ = {isa = PBXBuildFile; fileRef = 298BE3FC27106C580050A0C0 /* TemplateProjectUITests.swift */; };
		298BE3FF27106C580050A0C0 /* TemplateProjectUITestsLaunchTests.swift in Sources */ = {isa = PBXBuildFile; fileRef = 298BE3FE27106C580050A0C0 /* TemplateProjectUITestsLaunchTests.swift */; };
/* End PBXBuildFile section */

/* Begin PBXContainerItemProxy section */
		298BE3EF27106C580050A0C0 /* PBXContainerItemProxy */ = {
			isa = PBXContainerItemProxy;
			containerPortal = 298BE3D027106C560050A0C0 /* Project object */;
			proxyType = 1;
			remoteGlobalIDString = 298BE3D727106C560050A0C0;
			remoteInfo = TemplateProject;
		};
		298BE3F927106C580050A0C0 /* PBXContainerItemProxy */ = {
			isa = PBXContainerItemProxy;
			containerPortal = 298BE3D027106C560050A0C0 /* Project object */;
			proxyType = 1;
			remoteGlobalIDString = 298BE3D727106C560050A0C0;
			remoteInfo = TemplateProject;
		};
/* End PBXContainerItemProxy section */

/* Begin PBXFileReference section */
		291F177227108C1800C07428 /* DetailViewController.swift */ = {isa = PBXFileReference; lastKnownFileType = sourcecode.swift; path = DetailViewController.swift; sourceTree = "<group>"; };
		291F177427108C8B00C07428 /* ViewControllerRouter.swift */ = {isa = PBXFileReference; lastKnownFileType = sourcecode.swift; path = ViewControllerRouter.swift; sourceTree = "<group>"; };
		291F17762710973A00C07428 /* Localizable.strings */ = {isa = PBXFileReference; lastKnownFileType = text.plist.strings; path = Localizable.strings; sourceTree = "<group>"; };
		291F177927109A1E00C07428 /* Localize.swift */ = {isa = PBXFileReference; lastKnownFileType = sourcecode.swift; path = Localize.swift; sourceTree = "<group>"; };
		298BE3D827106C560050A0C0 /* TemplateProject.app */ = {isa = PBXFileReference; explicitFileType = wrapper.application; includeInIndex = 0; path = TemplateProject.app; sourceTree = BUILT_PRODUCTS_DIR; };
		298BE3DB27106C560050A0C0 /* AppDelegate.swift */ = {isa = PBXFileReference; lastKnownFileType = sourcecode.swift; path = AppDelegate.swift; sourceTree = "<group>"; };
		298BE3DD27106C560050A0C0 /* SceneDelegate.swift */ = {isa = PBXFileReference; lastKnownFileType = sourcecode.swift; path = SceneDelegate.swift; sourceTree = "<group>"; };
		298BE3DF27106C560050A0C0 /* ViewController.swift */ = {isa = PBXFileReference; lastKnownFileType = sourcecode.swift; path = ViewController.swift; sourceTree = "<group>"; };
		298BE3E427106C580050A0C0 /* Assets.xcassets */ = {isa = PBXFileReference; lastKnownFileType = folder.assetcatalog; path = Assets.xcassets; sourceTree = "<group>"; };
		298BE3E727106C580050A0C0 /* Base */ = {isa = PBXFileReference; lastKnownFileType = file.storyboard; name = Base; path = Base.lproj/LaunchScreen.storyboard; sourceTree = "<group>"; };
		298BE3EE27106C580050A0C0 /* TemplateProjectTests.xctest */ = {isa = PBXFileReference; explicitFileType = wrapper.cfbundle; includeInIndex = 0; path = TemplateProjectTests.xctest; sourceTree = BUILT_PRODUCTS_DIR; };
		298BE3F227106C580050A0C0 /* TemplateProjectTests.swift */ = {isa = PBXFileReference; lastKnownFileType = sourcecode.swift; path = TemplateProjectTests.swift; sourceTree = "<group>"; };
		298BE3F827106C580050A0C0 /* TemplateProjectUITests.xctest */ = {isa = PBXFileReference; explicitFileType = wrapper.cfbundle; includeInIndex = 0; path = TemplateProjectUITests.xctest; sourceTree = BUILT_PRODUCTS_DIR; };
		298BE3FC27106C580050A0C0 /* TemplateProjectUITests.swift */ = {isa = PBXFileReference; lastKnownFileType = sourcecode.swift; path = TemplateProjectUITests.swift; sourceTree = "<group>"; };
		298BE3FE27106C580050A0C0 /* TemplateProjectUITestsLaunchTests.swift */ = {isa = PBXFileReference; lastKnownFileType = sourcecode.swift; path = TemplateProjectUITestsLaunchTests.swift; sourceTree = "<group>"; };
		298BE40D271074F50050A0C0 /* Debug.xcconfig */ = {isa = PBXFileReference; lastKnownFileType = text.xcconfig; path = Debug.xcconfig; sourceTree = "<group>"; };
		298BE40E271074F50050A0C0 /* Release.xcconfig */ = {isa = PBXFileReference; lastKnownFileType = text.xcconfig; path = Release.xcconfig; sourceTree = "<group>"; };
		298BE410271074F50050A0C0 /* App.xcconfig */ = {isa = PBXFileReference; lastKnownFileType = text.xcconfig; path = App.xcconfig; sourceTree = "<group>"; };
		298BE411271074F50050A0C0 /* UITest.xcconfig */ = {isa = PBXFileReference; lastKnownFileType = text.xcconfig; path = UITest.xcconfig; sourceTree = "<group>"; };
		298BE412271074F50050A0C0 /* Test.xcconfig */ = {isa = PBXFileReference; lastKnownFileType = text.xcconfig; path = Test.xcconfig; sourceTree = "<group>"; };
		298BE413271074F50050A0C0 /* Version.xcconfig */ = {isa = PBXFileReference; lastKnownFileType = text.xcconfig; path = Version.xcconfig; sourceTree = "<group>"; };
		298BE414271074F50050A0C0 /* Project.xcconfig */ = {isa = PBXFileReference; lastKnownFileType = text.xcconfig; path = Project.xcconfig; sourceTree = "<group>"; };
		298BE4162710766A0050A0C0 /* TemplateProject.xcconfig */ = {isa = PBXFileReference; lastKnownFileType = text.xcconfig; path = TemplateProject.xcconfig; sourceTree = "<group>"; };
		298BE4182710766A0050A0C0 /* Info.plist */ = {isa = PBXFileReference; lastKnownFileType = text.plist.xml; path = Info.plist; sourceTree = "<group>"; };
		298BE41A271077A50050A0C0 /* TemplateProjectTests.xcconfig */ = {isa = PBXFileReference; lastKnownFileType = text.xcconfig; path = TemplateProjectTests.xcconfig; sourceTree = "<group>"; };
		298BE41B271078190050A0C0 /* Info.plist */ = {isa = PBXFileReference; lastKnownFileType = text.plist.xml; path = Info.plist; sourceTree = "<group>"; };
		298BE41D2710784C0050A0C0 /* TemplateProjectUITests.xcconfig */ = {isa = PBXFileReference; lastKnownFileType = text.xcconfig; path = TemplateProjectUITests.xcconfig; sourceTree = "<group>"; };
		298BE41E2710784C0050A0C0 /* Info.plist */ = {isa = PBXFileReference; lastKnownFileType = text.plist.xml; path = Info.plist; sourceTree = "<group>"; };
/* End PBXFileReference section */

/* Begin PBXFrameworksBuildPhase section */
		298BE3D527106C560050A0C0 /* Frameworks */ = {
			isa = PBXFrameworksBuildPhase;
			buildActionMask = 2147483647;
			files = (
			);
			runOnlyForDeploymentPostprocessing = 0;
		};
		298BE3EB27106C580050A0C0 /* Frameworks */ = {
			isa = PBXFrameworksBuildPhase;
			buildActionMask = 2147483647;
			files = (
			);
			runOnlyForDeploymentPostprocessing = 0;
		};
		298BE3F527106C580050A0C0 /* Frameworks */ = {
			isa = PBXFrameworksBuildPhase;
			buildActionMask = 2147483647;
			files = (
			);
			runOnlyForDeploymentPostprocessing = 0;
		};
/* End PBXFrameworksBuildPhase section */

/* Begin PBXGroup section */
		291F1778271099D700C07428 /* Localization */ = {
			isa = PBXGroup;
			children = (
				291F17762710973A00C07428 /* Localizable.strings */,
				291F177927109A1E00C07428 /* Localize.swift */,
			);
			path = Localization;
			sourceTree = "<group>";
		};
		298BE3CF27106C560050A0C0 = {
			isa = PBXGroup;
			children = (
				298BE40B271074F50050A0C0 /* Configurations */,
				298BE3DA27106C560050A0C0 /* TemplateProject */,
				298BE3F127106C580050A0C0 /* TemplateProjectTests */,
				298BE3FB27106C580050A0C0 /* TemplateProjectUITests */,
				298BE3D927106C560050A0C0 /* Products */,
			);
			sourceTree = "<group>";
		};
		298BE3D927106C560050A0C0 /* Products */ = {
			isa = PBXGroup;
			children = (
				298BE3D827106C560050A0C0 /* TemplateProject.app */,
				298BE3EE27106C580050A0C0 /* TemplateProjectTests.xctest */,
				298BE3F827106C580050A0C0 /* TemplateProjectUITests.xctest */,
			);
			name = Products;
			sourceTree = "<group>";
		};
		298BE3DA27106C560050A0C0 /* TemplateProject */ = {
			isa = PBXGroup;
			children = (
				291F1778271099D700C07428 /* Localization */,
				298BE4152710766A0050A0C0 /* Configurations */,
				298BE3DB27106C560050A0C0 /* AppDelegate.swift */,
				298BE3DD27106C560050A0C0 /* SceneDelegate.swift */,
				298BE3DF27106C560050A0C0 /* ViewController.swift */,
				298BE3E427106C580050A0C0 /* Assets.xcassets */,
				298BE3E627106C580050A0C0 /* LaunchScreen.storyboard */,
				291F177227108C1800C07428 /* DetailViewController.swift */,
				291F177427108C8B00C07428 /* ViewControllerRouter.swift */,
			);
			path = TemplateProject;
			sourceTree = "<group>";
		};
		298BE3F127106C580050A0C0 /* TemplateProjectTests */ = {
			isa = PBXGroup;
			children = (
				298BE419271077740050A0C0 /* Configurations */,
				298BE3F227106C580050A0C0 /* TemplateProjectTests.swift */,
			);
			path = TemplateProjectTests;
			sourceTree = "<group>";
		};
		298BE3FB27106C580050A0C0 /* TemplateProjectUITests */ = {
			isa = PBXGroup;
			children = (
				298BE41C2710784C0050A0C0 /* Configurations */,
				298BE3FC27106C580050A0C0 /* TemplateProjectUITests.swift */,
				298BE3FE27106C580050A0C0 /* TemplateProjectUITestsLaunchTests.swift */,
			);
			path = TemplateProjectUITests;
			sourceTree = "<group>";
		};
		298BE40B271074F50050A0C0 /* Configurations */ = {
			isa = PBXGroup;
			children = (
				298BE40C271074F50050A0C0 /* Configurations */,
				298BE40F271074F50050A0C0 /* Targets */,
				298BE413271074F50050A0C0 /* Version.xcconfig */,
				298BE414271074F50050A0C0 /* Project.xcconfig */,
			);
			path = Configurations;
			sourceTree = "<group>";
		};
		298BE40C271074F50050A0C0 /* Configurations */ = {
			isa = PBXGroup;
			children = (
				298BE40D271074F50050A0C0 /* Debug.xcconfig */,
				298BE40E271074F50050A0C0 /* Release.xcconfig */,
			);
			path = Configurations;
			sourceTree = "<group>";
		};
		298BE40F271074F50050A0C0 /* Targets */ = {
			isa = PBXGroup;
			children = (
				298BE410271074F50050A0C0 /* App.xcconfig */,
				298BE411271074F50050A0C0 /* UITest.xcconfig */,
				298BE412271074F50050A0C0 /* Test.xcconfig */,
			);
			path = Targets;
			sourceTree = "<group>";
		};
		298BE4152710766A0050A0C0 /* Configurations */ = {
			isa = PBXGroup;
			children = (
				298BE4162710766A0050A0C0 /* TemplateProject.xcconfig */,
				298BE4182710766A0050A0C0 /* Info.plist */,
			);
			path = Configurations;
			sourceTree = "<group>";
		};
		298BE419271077740050A0C0 /* Configurations */ = {
			isa = PBXGroup;
			children = (
				298BE41A271077A50050A0C0 /* TemplateProjectTests.xcconfig */,
				298BE41B271078190050A0C0 /* Info.plist */,
			);
			path = Configurations;
			sourceTree = "<group>";
		};
		298BE41C2710784C0050A0C0 /* Configurations */ = {
			isa = PBXGroup;
			children = (
				298BE41D2710784C0050A0C0 /* TemplateProjectUITests.xcconfig */,
				298BE41E2710784C0050A0C0 /* Info.plist */,
			);
			path = Configurations;
			sourceTree = "<group>";
		};
/* End PBXGroup section */

/* Begin PBXNativeTarget section */
		298BE3D727106C560050A0C0 /* TemplateProject */ = {
			isa = PBXNativeTarget;
			buildConfigurationList = 298BE40227106C580050A0C0 /* Build configuration list for PBXNativeTarget "TemplateProject" */;
			buildPhases = (
				298BE3D427106C560050A0C0 /* Sources */,
				298BE3D527106C560050A0C0 /* Frameworks */,
				298BE3D627106C560050A0C0 /* Resources */,
			);
			buildRules = (
			);
			dependencies = (
			);
			name = TemplateProject;
			productName = TemplateProject;
			productReference = 298BE3D827106C560050A0C0 /* TemplateProject.app */;
			productType = "com.apple.product-type.application";
		};
		298BE3ED27106C580050A0C0 /* TemplateProjectTests */ = {
			isa = PBXNativeTarget;
			buildConfigurationList = 298BE40527106C580050A0C0 /* Build configuration list for PBXNativeTarget "TemplateProjectTests" */;
			buildPhases = (
				298BE3EA27106C580050A0C0 /* Sources */,
				298BE3EB27106C580050A0C0 /* Frameworks */,
				298BE3EC27106C580050A0C0 /* Resources */,
			);
			buildRules = (
			);
			dependencies = (
				298BE3F027106C580050A0C0 /* PBXTargetDependency */,
			);
			name = TemplateProjectTests;
			productName = TemplateProjectTests;
			productReference = 298BE3EE27106C580050A0C0 /* TemplateProjectTests.xctest */;
			productType = "com.apple.product-type.bundle.unit-test";
		};
		298BE3F727106C580050A0C0 /* TemplateProjectUITests */ = {
			isa = PBXNativeTarget;
			buildConfigurationList = 298BE40827106C580050A0C0 /* Build configuration list for PBXNativeTarget "TemplateProjectUITests" */;
			buildPhases = (
				298BE3F427106C580050A0C0 /* Sources */,
				298BE3F527106C580050A0C0 /* Frameworks */,
				298BE3F627106C580050A0C0 /* Resources */,
			);
			buildRules = (
			);
			dependencies = (
				298BE3FA27106C580050A0C0 /* PBXTargetDependency */,
			);
			name = TemplateProjectUITests;
			productName = TemplateProjectUITests;
			productReference = 298BE3F827106C580050A0C0 /* TemplateProjectUITests.xctest */;
			productType = "com.apple.product-type.bundle.ui-testing";
		};
/* End PBXNativeTarget section */

/* Begin PBXProject section */
		298BE3D027106C560050A0C0 /* Project object */ = {
			isa = PBXProject;
			attributes = {
				BuildIndependentTargetsInParallel = 1;
				LastSwiftUpdateCheck = 1300;
				LastUpgradeCheck = 1300;
				TargetAttributes = {
					298BE3D727106C560050A0C0 = {
						CreatedOnToolsVersion = 13.0;
					};
					298BE3ED27106C580050A0C0 = {
						CreatedOnToolsVersion = 13.0;
						TestTargetID = 298BE3D727106C560050A0C0;
					};
					298BE3F727106C580050A0C0 = {
						CreatedOnToolsVersion = 13.0;
						TestTargetID = 298BE3D727106C560050A0C0;
					};
				};
			};
			buildConfigurationList = 298BE3D327106C560050A0C0 /* Build configuration list for PBXProject "TemplateProject" */;
			compatibilityVersion = "Xcode 13.0";
			developmentRegion = en;
			hasScannedForEncodings = 0;
			knownRegions = (
				en,
				Base,
			);
			mainGroup = 298BE3CF27106C560050A0C0;
			productRefGroup = 298BE3D927106C560050A0C0 /* Products */;
			projectDirPath = "";
			projectRoot = "";
			targets = (
				298BE3D727106C560050A0C0 /* TemplateProject */,
				298BE3ED27106C580050A0C0 /* TemplateProjectTests */,
				298BE3F727106C580050A0C0 /* TemplateProjectUITests */,
			);
		};
/* End PBXProject section */

/* Begin PBXResourcesBuildPhase section */
		298BE3D627106C560050A0C0 /* Resources */ = {
			isa = PBXResourcesBuildPhase;
			buildActionMask = 2147483647;
			files = (
				298BE3E827106C580050A0C0 /* LaunchScreen.storyboard in Resources */,
				291F17772710973A00C07428 /* Localizable.strings in Resources */,
				298BE3E527106C580050A0C0 /* Assets.xcassets in Resources */,
			);
			runOnlyForDeploymentPostprocessing = 0;
		};
		298BE3EC27106C580050A0C0 /* Resources */ = {
			isa = PBXResourcesBuildPhase;
			buildActionMask = 2147483647;
			files = (
			);
			runOnlyForDeploymentPostprocessing = 0;
		};
		298BE3F627106C580050A0C0 /* Resources */ = {
			isa = PBXResourcesBuildPhase;
			buildActionMask = 2147483647;
			files = (
			);
			runOnlyForDeploymentPostprocessing = 0;
		};
/* End PBXResourcesBuildPhase section */

/* Begin PBXSourcesBuildPhase section */
		298BE3D427106C560050A0C0 /* Sources */ = {
			isa = PBXSourcesBuildPhase;
			buildActionMask = 2147483647;
			files = (
				291F177A27109A1E00C07428 /* Localize.swift in Sources */,
				298BE3E027106C560050A0C0 /* ViewController.swift in Sources */,
				291F177527108C8B00C07428 /* ViewControllerRouter.swift in Sources */,
				298BE3DC27106C560050A0C0 /* AppDelegate.swift in Sources */,
				298BE3DE27106C560050A0C0 /* SceneDelegate.swift in Sources */,
				291F177327108C1800C07428 /* DetailViewController.swift in Sources */,
			);
			runOnlyForDeploymentPostprocessing = 0;
		};
		298BE3EA27106C580050A0C0 /* Sources */ = {
			isa = PBXSourcesBuildPhase;
			buildActionMask = 2147483647;
			files = (
				298BE3F327106C580050A0C0 /* TemplateProjectTests.swift in Sources */,
			);
			runOnlyForDeploymentPostprocessing = 0;
		};
		298BE3F427106C580050A0C0 /* Sources */ = {
			isa = PBXSourcesBuildPhase;
			buildActionMask = 2147483647;
			files = (
				298BE3FF27106C580050A0C0 /* TemplateProjectUITestsLaunchTests.swift in Sources */,
				298BE3FD27106C580050A0C0 /* TemplateProjectUITests.swift in Sources */,
			);
			runOnlyForDeploymentPostprocessing = 0;
		};
/* End PBXSourcesBuildPhase section */

/* Begin PBXTargetDependency section */
		298BE3F027106C580050A0C0 /* PBXTargetDependency */ = {
			isa = PBXTargetDependency;
			target = 298BE3D727106C560050A0C0 /* TemplateProject */;
			targetProxy = 298BE3EF27106C580050A0C0 /* PBXContainerItemProxy */;
		};
		298BE3FA27106C580050A0C0 /* PBXTargetDependency */ = {
			isa = PBXTargetDependency;
			target = 298BE3D727106C560050A0C0 /* TemplateProject */;
			targetProxy = 298BE3F927106C580050A0C0 /* PBXContainerItemProxy */;
		};
/* End PBXTargetDependency section */

/* Begin PBXVariantGroup section */
		298BE3E627106C580050A0C0 /* LaunchScreen.storyboard */ = {
			isa = PBXVariantGroup;
			children = (
				298BE3E727106C580050A0C0 /* Base */,
			);
			name = LaunchScreen.storyboard;
			sourceTree = "<group>";
		};
/* End PBXVariantGroup section */

/* Begin XCBuildConfiguration section */
		298BE40027106C580050A0C0 /* Debug */ = {
			isa = XCBuildConfiguration;
			baseConfigurationReference = 298BE40D271074F50050A0C0 /* Debug.xcconfig */;
			buildSettings = {
			};
			name = Debug;
		};
		298BE40127106C580050A0C0 /* Release */ = {
			isa = XCBuildConfiguration;
			baseConfigurationReference = 298BE40E271074F50050A0C0 /* Release.xcconfig */;
			buildSettings = {
			};
			name = Release;
		};
		298BE40327106C580050A0C0 /* Debug */ = {
			isa = XCBuildConfiguration;
			baseConfigurationReference = 298BE4162710766A0050A0C0 /* TemplateProject.xcconfig */;
			buildSettings = {
			};
			name = Debug;
		};
		298BE40427106C580050A0C0 /* Release */ = {
			isa = XCBuildConfiguration;
			baseConfigurationReference = 298BE4162710766A0050A0C0 /* TemplateProject.xcconfig */;
			buildSettings = {
			};
			name = Release;
		};
		298BE40627106C580050A0C0 /* Debug */ = {
			isa = XCBuildConfiguration;
			baseConfigurationReference = 298BE41A271077A50050A0C0 /* TemplateProjectTests.xcconfig */;
			buildSettings = {
			};
			name = Debug;
		};
		298BE40727106C580050A0C0 /* Release */ = {
			isa = XCBuildConfiguration;
			baseConfigurationReference = 298BE41A271077A50050A0C0 /* TemplateProjectTests.xcconfig */;
			buildSettings = {
			};
			name = Release;
		};
		298BE40927106C580050A0C0 /* Debug */ = {
			isa = XCBuildConfiguration;
			baseConfigurationReference = 298BE41D2710784C0050A0C0 /* TemplateProjectUITests.xcconfig */;
			buildSettings = {
			};
			name = Debug;
		};
		298BE40A27106C580050A0C0 /* Release */ = {
			isa = XCBuildConfiguration;
			baseConfigurationReference = 298BE41D2710784C0050A0C0 /* TemplateProjectUITests.xcconfig */;
			buildSettings = {
			};
			name = Release;
		};
/* End XCBuildConfiguration section */

/* Begin XCConfigurationList section */
		298BE3D327106C560050A0C0 /* Build configuration list for PBXProject "TemplateProject" */ = {
			isa = XCConfigurationList;
			buildConfigurations = (
				298BE40027106C580050A0C0 /* Debug */,
				298BE40127106C580050A0C0 /* Release */,
			);
			defaultConfigurationIsVisible = 0;
			defaultConfigurationName = Release;
		};
		298BE40227106C580050A0C0 /* Build configuration list for PBXNativeTarget "TemplateProject" */ = {
			isa = XCConfigurationList;
			buildConfigurations = (
				298BE40327106C580050A0C0 /* Debug */,
				298BE40427106C580050A0C0 /* Release */,
			);
			defaultConfigurationIsVisible = 0;
			defaultConfigurationName = Release;
		};
		298BE40527106C580050A0C0 /* Build configuration list for PBXNativeTarget "TemplateProjectTests" */ = {
			isa = XCConfigurationList;
			buildConfigurations = (
				298BE40627106C580050A0C0 /* Debug */,
				298BE40727106C580050A0C0 /* Release */,
			);
			defaultConfigurationIsVisible = 0;
			defaultConfigurationName = Release;
		};
		298BE40827106C580050A0C0 /* Build configuration list for PBXNativeTarget "TemplateProjectUITests" */ = {
			isa = XCConfigurationList;
			buildConfigurations = (
				298BE40927106C580050A0C0 /* Debug */,
				298BE40A27106C580050A0C0 /* Release */,
			);
			defaultConfigurationIsVisible = 0;
			defaultConfigurationName = Release;
		};
/* End XCConfigurationList section */
	};
	rootObject = 298BE3D027106C560050A0C0 /* Project object */;
}
